// !$*UTF8*$!
{
	archiveVersion = 1;
	classes = {
	};
	objectVersion = 55;
	objects = {

/* Begin PBXBuildFile section */
		308E538828135CE10059F9B6 /* DetailViewController.swift in Sources */ = {isa = PBXBuildFile; fileRef = 308E538728135CE10059F9B6 /* DetailViewController.swift */; };
		3098F97A280DFC1F00A53C24 /* AppDelegate.swift in Sources */ = {isa = PBXBuildFile; fileRef = 3098F979280DFC1F00A53C24 /* AppDelegate.swift */; };
		3098F97C280DFC1F00A53C24 /* SceneDelegate.swift in Sources */ = {isa = PBXBuildFile; fileRef = 3098F97B280DFC1F00A53C24 /* SceneDelegate.swift */; };
		3098F981280DFC1F00A53C24 /* Main.storyboard in Resources */ = {isa = PBXBuildFile; fileRef = 3098F97F280DFC1F00A53C24 /* Main.storyboard */; };
		3098F984280DFC1F00A53C24 /* toDoList.xcdatamodeld in Sources */ = {isa = PBXBuildFile; fileRef = 3098F982280DFC1F00A53C24 /* toDoList.xcdatamodeld */; };
		3098F986280DFC2000A53C24 /* Assets.xcassets in Resources */ = {isa = PBXBuildFile; fileRef = 3098F985280DFC2000A53C24 /* Assets.xcassets */; };
		3098F989280DFC2000A53C24 /* LaunchScreen.storyboard in Resources */ = {isa = PBXBuildFile; fileRef = 3098F987280DFC2000A53C24 /* LaunchScreen.storyboard */; };
		3098F991280DFCF600A53C24 /* ToDoTableViewController.swift in Sources */ = {isa = PBXBuildFile; fileRef = 3098F990280DFCF600A53C24 /* ToDoTableViewController.swift */; };
		309B57F82811312000C94A35 /* Users.swift in Sources */ = {isa = PBXBuildFile; fileRef = 309B57F72811312000C94A35 /* Users.swift */; };
		309B57FA2811322C00C94A35 /* UsersTableViewController.swift in Sources */ = {isa = PBXBuildFile; fileRef = 309B57F92811322C00C94A35 /* UsersTableViewController.swift */; };
		309B57FC28113BB800C94A35 /* UsersViewController.swift in Sources */ = {isa = PBXBuildFile; fileRef = 309B57FB28113BB800C94A35 /* UsersViewController.swift */; };
		309B57FE28114AD000C94A35 /* UsersTableViewCell.swift in Sources */ = {isa = PBXBuildFile; fileRef = 309B57FD28114AD000C94A35 /* UsersTableViewCell.swift */; };
		309B580028114E0400C94A35 /* UsersTableViewCell.xib in Resources */ = {isa = PBXBuildFile; fileRef = 309B57FF28114E0400C94A35 /* UsersTableViewCell.xib */; };
/* End PBXBuildFile section */

/* Begin PBXFileReference section */
		308E538728135CE10059F9B6 /* DetailViewController.swift */ = {isa = PBXFileReference; lastKnownFileType = sourcecode.swift; path = DetailViewController.swift; sourceTree = "<group>"; };
		3098F976280DFC1F00A53C24 /* toDoList.app */ = {isa = PBXFileReference; explicitFileType = wrapper.application; includeInIndex = 0; path = toDoList.app; sourceTree = BUILT_PRODUCTS_DIR; };
		3098F979280DFC1F00A53C24 /* AppDelegate.swift */ = {isa = PBXFileReference; lastKnownFileType = sourcecode.swift; path = AppDelegate.swift; sourceTree = "<group>"; };
		3098F97B280DFC1F00A53C24 /* SceneDelegate.swift */ = {isa = PBXFileReference; lastKnownFileType = sourcecode.swift; path = SceneDelegate.swift; sourceTree = "<group>"; };
		3098F980280DFC1F00A53C24 /* Base */ = {isa = PBXFileReference; lastKnownFileType = file.storyboard; name = Base; path = Base.lproj/Main.storyboard; sourceTree = "<group>"; };
		3098F983280DFC1F00A53C24 /* toDoList.xcdatamodel */ = {isa = PBXFileReference; lastKnownFileType = wrapper.xcdatamodel; path = toDoList.xcdatamodel; sourceTree = "<group>"; };
		3098F985280DFC2000A53C24 /* Assets.xcassets */ = {isa = PBXFileReference; lastKnownFileType = folder.assetcatalog; path = Assets.xcassets; sourceTree = "<group>"; };
		3098F988280DFC2000A53C24 /* Base */ = {isa = PBXFileReference; lastKnownFileType = file.storyboard; name = Base; path = Base.lproj/LaunchScreen.storyboard; sourceTree = "<group>"; };
		3098F98A280DFC2000A53C24 /* Info.plist */ = {isa = PBXFileReference; lastKnownFileType = text.plist.xml; path = Info.plist; sourceTree = "<group>"; };
		3098F990280DFCF600A53C24 /* ToDoTableViewController.swift */ = {isa = PBXFileReference; lastKnownFileType = sourcecode.swift; path = ToDoTableViewController.swift; sourceTree = "<group>"; };
		309B57F72811312000C94A35 /* Users.swift */ = {isa = PBXFileReference; lastKnownFileType = sourcecode.swift; path = Users.swift; sourceTree = "<group>"; };
		309B57F92811322C00C94A35 /* UsersTableViewController.swift */ = {isa = PBXFileReference; lastKnownFileType = sourcecode.swift; path = UsersTableViewController.swift; sourceTree = "<group>"; };
		309B57FB28113BB800C94A35 /* UsersViewController.swift */ = {isa = PBXFileReference; lastKnownFileType = sourcecode.swift; path = UsersViewController.swift; sourceTree = "<group>"; };
		309B57FD28114AD000C94A35 /* UsersTableViewCell.swift */ = {isa = PBXFileReference; lastKnownFileType = sourcecode.swift; path = UsersTableViewCell.swift; sourceTree = "<group>"; };
		309B57FF28114E0400C94A35 /* UsersTableViewCell.xib */ = {isa = PBXFileReference; lastKnownFileType = file.xib; path = UsersTableViewCell.xib; sourceTree = "<group>"; };
/* End PBXFileReference section */

/* Begin PBXFrameworksBuildPhase section */
		3098F973280DFC1F00A53C24 /* Frameworks */ = {
			isa = PBXFrameworksBuildPhase;
			buildActionMask = 2147483647;
			files = (
			);
			runOnlyForDeploymentPostprocessing = 0;
		};
/* End PBXFrameworksBuildPhase section */

/* Begin PBXGroup section */
		3098F96D280DFC1F00A53C24 = {
			isa = PBXGroup;
			children = (
				3098F978280DFC1F00A53C24 /* toDoList */,
				3098F977280DFC1F00A53C24 /* Products */,
			);
			sourceTree = "<group>";
		};
		3098F977280DFC1F00A53C24 /* Products */ = {
			isa = PBXGroup;
			children = (
				3098F976280DFC1F00A53C24 /* toDoList.app */,
			);
			name = Products;
			sourceTree = "<group>";
		};
		3098F978280DFC1F00A53C24 /* toDoList */ = {
			isa = PBXGroup;
			children = (
				3098F979280DFC1F00A53C24 /* AppDelegate.swift */,
				3098F97B280DFC1F00A53C24 /* SceneDelegate.swift */,
				3098F990280DFCF600A53C24 /* ToDoTableViewController.swift */,
				309B57F92811322C00C94A35 /* UsersTableViewController.swift */,
				309B57FB28113BB800C94A35 /* UsersViewController.swift */,
				309B57FF28114E0400C94A35 /* UsersTableViewCell.xib */,
				309B57FD28114AD000C94A35 /* UsersTableViewCell.swift */,
				309B57F72811312000C94A35 /* Users.swift */,
				3098F97F280DFC1F00A53C24 /* Main.storyboard */,
				308E538728135CE10059F9B6 /* DetailViewController.swift */,
				3098F985280DFC2000A53C24 /* Assets.xcassets */,
				3098F987280DFC2000A53C24 /* LaunchScreen.storyboard */,
				3098F98A280DFC2000A53C24 /* Info.plist */,
				3098F982280DFC1F00A53C24 /* toDoList.xcdatamodeld */,
			);
			path = toDoList;
			sourceTree = "<group>";
		};
/* End PBXGroup section */

/* Begin PBXNativeTarget section */
		3098F975280DFC1F00A53C24 /* toDoList */ = {
			isa = PBXNativeTarget;
			buildConfigurationList = 3098F98D280DFC2000A53C24 /* Build configuration list for PBXNativeTarget "toDoList" */;
			buildPhases = (
				3098F972280DFC1F00A53C24 /* Sources */,
				3098F973280DFC1F00A53C24 /* Frameworks */,
				3098F974280DFC1F00A53C24 /* Resources */,
			);
			buildRules = (
			);
			dependencies = (
			);
			name = toDoList;
			productName = toDoList;
			productReference = 3098F976280DFC1F00A53C24 /* toDoList.app */;
			productType = "com.apple.product-type.application";
		};
/* End PBXNativeTarget section */

/* Begin PBXProject section */
		3098F96E280DFC1F00A53C24 /* Project object */ = {
			isa = PBXProject;
			attributes = {
				BuildIndependentTargetsInParallel = 1;
				LastSwiftUpdateCheck = 1320;
				LastUpgradeCheck = 1320;
				TargetAttributes = {
					3098F975280DFC1F00A53C24 = {
						CreatedOnToolsVersion = 13.2.1;
					};
				};
			};
			buildConfigurationList = 3098F971280DFC1F00A53C24 /* Build configuration list for PBXProject "toDoList" */;
			compatibilityVersion = "Xcode 13.0";
			developmentRegion = en;
			hasScannedForEncodings = 0;
			knownRegions = (
				en,
				Base,
			);
			mainGroup = 3098F96D280DFC1F00A53C24;
			productRefGroup = 3098F977280DFC1F00A53C24 /* Products */;
			projectDirPath = "";
			projectRoot = "";
			targets = (
				3098F975280DFC1F00A53C24 /* toDoList */,
			);
		};
/* End PBXProject section */

/* Begin PBXResourcesBuildPhase section */
		3098F974280DFC1F00A53C24 /* Resources */ = {
			isa = PBXResourcesBuildPhase;
			buildActionMask = 2147483647;
			files = (
				309B580028114E0400C94A35 /* UsersTableViewCell.xib in Resources */,
				3098F989280DFC2000A53C24 /* LaunchScreen.storyboard in Resources */,
				3098F986280DFC2000A53C24 /* Assets.xcassets in Resources */,
				3098F981280DFC1F00A53C24 /* Main.storyboard in Resources */,
			);
			runOnlyForDeploymentPostprocessing = 0;
		};
/* End PBXResourcesBuildPhase section */

/* Begin PBXSourcesBuildPhase section */
		3098F972280DFC1F00A53C24 /* Sources */ = {
			isa = PBXSourcesBuildPhase;
			buildActionMask = 2147483647;
			files = (
				308E538828135CE10059F9B6 /* DetailViewController.swift in Sources */,
				309B57FE28114AD000C94A35 /* UsersTableViewCell.swift in Sources */,
				3098F97A280DFC1F00A53C24 /* AppDelegate.swift in Sources */,
				3098F97C280DFC1F00A53C24 /* SceneDelegate.swift in Sources */,
				309B57FA2811322C00C94A35 /* UsersTableViewController.swift in Sources */,
				309B57FC28113BB800C94A35 /* UsersViewController.swift in Sources */,
				309B57F82811312000C94A35 /* Users.swift in Sources */,
				3098F984280DFC1F00A53C24 /* toDoList.xcdatamodeld in Sources */,
				3098F991280DFCF600A53C24 /* ToDoTableViewController.swift in Sources */,
			);
			runOnlyForDeploymentPostprocessing = 0;
		};
/* End PBXSourcesBuildPhase section */

/* Begin PBXVariantGroup section */
		3098F97F280DFC1F00A53C24 /* Main.storyboard */ = {
			isa = PBXVariantGroup;
			children = (
				3098F980280DFC1F00A53C24 /* Base */,
			);
			name = Main.storyboard;
			sourceTree = "<group>";
		};
		3098F987280DFC2000A53C24 /* LaunchScreen.storyboard */ = {
			isa = PBXVariantGroup;
			children = (
				3098F988280DFC2000A53C24 /* Base */,
			);
			name = LaunchScreen.storyboard;
			sourceTree = "<group>";
		};
/* End PBXVariantGroup section */

/* Begin XCBuildConfiguration section */
		3098F98B280DFC2000A53C24 /* Debug */ = {
			isa = XCBuildConfiguration;
			buildSettings = {
				ALWAYS_SEARCH_USER_PATHS = NO;
				CLANG_ANALYZER_NONNULL = YES;
				CLANG_ANALYZER_NUMBER_OBJECT_CONVERSION = YES_AGGRESSIVE;
				CLANG_CXX_LANGUAGE_STANDARD = "gnu++17";
				CLANG_CXX_LIBRARY = "libc++";
				CLANG_ENABLE_MODULES = YES;
				CLANG_ENABLE_OBJC_ARC = YES;
				CLANG_ENABLE_OBJC_WEAK = YES;
				CLANG_WARN_BLOCK_CAPTURE_AUTORELEASING = YES;
				CLANG_WARN_BOOL_CONVERSION = YES;
				CLANG_WARN_COMMA = YES;
				CLANG_WARN_CONSTANT_CONVERSION = YES;
				CLANG_WARN_DEPRECATED_OBJC_IMPLEMENTATIONS = YES;
				CLANG_WARN_DIRECT_OBJC_ISA_USAGE = YES_ERROR;
				CLANG_WARN_DOCUMENTATION_COMMENTS = YES;
				CLANG_WARN_EMPTY_BODY = YES;
				CLANG_WARN_ENUM_CONVERSION = YES;
				CLANG_WARN_INFINITE_RECURSION = YES;
				CLANG_WARN_INT_CONVERSION = YES;
				CLANG_WARN_NON_LITERAL_NULL_CONVERSION = YES;
				CLANG_WARN_OBJC_IMPLICIT_RETAIN_SELF = YES;
				CLANG_WARN_OBJC_LITERAL_CONVERSION = YES;
				CLANG_WARN_OBJC_ROOT_CLASS = YES_ERROR;
				CLANG_WARN_QUOTED_INCLUDE_IN_FRAMEWORK_HEADER = YES;
				CLANG_WARN_RANGE_LOOP_ANALYSIS = YES;
				CLANG_WARN_STRICT_PROTOTYPES = YES;
				CLANG_WARN_SUSPICIOUS_MOVE = YES;
				CLANG_WARN_UNGUARDED_AVAILABILITY = YES_AGGRESSIVE;
				CLANG_WARN_UNREACHABLE_CODE = YES;
				CLANG_WARN__DUPLICATE_METHOD_MATCH = YES;
				COPY_PHASE_STRIP = NO;
				DEBUG_INFORMATION_FORMAT = dwarf;
				ENABLE_STRICT_OBJC_MSGSEND = YES;
				ENABLE_TESTABILITY = YES;
				GCC_C_LANGUAGE_STANDARD = gnu11;
				GCC_DYNAMIC_NO_PIC = NO;
				GCC_NO_COMMON_BLOCKS = YES;
				GCC_OPTIMIZATION_LEVEL = 0;
				GCC_PREPROCESSOR_DEFINITIONS = (
					"DEBUG=1",
					"$(inherited)",
				);
				GCC_WARN_64_TO_32_BIT_CONVERSION = YES;
				GCC_WARN_ABOUT_RETURN_TYPE = YES_ERROR;
				GCC_WARN_UNDECLARED_SELECTOR = YES;
				GCC_WARN_UNINITIALIZED_AUTOS = YES_AGGRESSIVE;
				GCC_WARN_UNUSED_FUNCTION = YES;
				GCC_WARN_UNUSED_VARIABLE = YES;
				IPHONEOS_DEPLOYMENT_TARGET = 15.2;
				MTL_ENABLE_DEBUG_INFO = INCLUDE_SOURCE;
				MTL_FAST_MATH = YES;
				ONLY_ACTIVE_ARCH = YES;
				SDKROOT = iphoneos;
				SWIFT_ACTIVE_COMPILATION_CONDITIONS = DEBUG;
				SWIFT_OPTIMIZATION_LEVEL = "-Onone";
			};
			name = Debug;
		};
		3098F98C280DFC2000A53C24 /* Release */ = {
			isa = XCBuildConfiguration;
			buildSettings = {
				ALWAYS_SEARCH_USER_PATHS = NO;
				CLANG_ANALYZER_NONNULL = YES;
				CLANG_ANALYZER_NUMBER_OBJECT_CONVERSION = YES_AGGRESSIVE;
				CLANG_CXX_LANGUAGE_STANDARD = "gnu++17";
				CLANG_CXX_LIBRARY = "libc++";
				CLANG_ENABLE_MODULES = YES;
				CLANG_ENABLE_OBJC_ARC = YES;
				CLANG_ENABLE_OBJC_WEAK = YES;
				CLANG_WARN_BLOCK_CAPTURE_AUTORELEASING = YES;
				CLANG_WARN_BOOL_CONVERSION = YES;
				CLANG_WARN_COMMA = YES;
				CLANG_WARN_CONSTANT_CONVERSION = YES;
				CLANG_WARN_DEPRECATED_OBJC_IMPLEMENTATIONS = YES;
				CLANG_WARN_DIRECT_OBJC_ISA_USAGE = YES_ERROR;
				CLANG_WARN_DOCUMENTATION_COMMENTS = YES;
				CLANG_WARN_EMPTY_BODY = YES;
				CLANG_WARN_ENUM_CONVERSION = YES;
				CLANG_WARN_INFINITE_RECURSION = YES;
				CLANG_WARN_INT_CONVERSION = YES;
				CLANG_WARN_NON_LITERAL_NULL_CONVERSION = YES;
				CLANG_WARN_OBJC_IMPLICIT_RETAIN_SELF = YES;
				CLANG_WARN_OBJC_LITERAL_CONVERSION = YES;
				CLANG_WARN_OBJC_ROOT_CLASS = YES_ERROR;
				CLANG_WARN_QUOTED_INCLUDE_IN_FRAMEWORK_HEADER = YES;
				CLANG_WARN_RANGE_LOOP_ANALYSIS = YES;
				CLANG_WARN_STRICT_PROTOTYPES = YES;
				CLANG_WARN_SUSPICIOUS_MOVE = YES;
				CLANG_WARN_UNGUARDED_AVAILABILITY = YES_AGGRESSIVE;
				CLANG_WARN_UNREACHABLE_CODE = YES;
				CLANG_WARN__DUPLICATE_METHOD_MATCH = YES;
				COPY_PHASE_STRIP = NO;
				DEBUG_INFORMATION_FORMAT = "dwarf-with-dsym";
				ENABLE_NS_ASSERTIONS = NO;
				ENABLE_STRICT_OBJC_MSGSEND = YES;
				GCC_C_LANGUAGE_STANDARD = gnu11;
				GCC_NO_COMMON_BLOCKS = YES;
				GCC_WARN_64_TO_32_BIT_CONVERSION = YES;
				GCC_WARN_ABOUT_RETURN_TYPE = YES_ERROR;
				GCC_WARN_UNDECLARED_SELECTOR = YES;
				GCC_WARN_UNINITIALIZED_AUTOS = YES_AGGRESSIVE;
				GCC_WARN_UNUSED_FUNCTION = YES;
				GCC_WARN_UNUSED_VARIABLE = YES;
				IPHONEOS_DEPLOYMENT_TARGET = 15.2;
				MTL_ENABLE_DEBUG_INFO = NO;
				MTL_FAST_MATH = YES;
				SDKROOT = iphoneos;
				SWIFT_COMPILATION_MODE = wholemodule;
				SWIFT_OPTIMIZATION_LEVEL = "-O";
				VALIDATE_PRODUCT = YES;
			};
			name = Release;
		};
		3098F98E280DFC2000A53C24 /* Debug */ = {
			isa = XCBuildConfiguration;
			buildSettings = {
				ASSETCATALOG_COMPILER_APPICON_NAME = AppIcon;
				ASSETCATALOG_COMPILER_GLOBAL_ACCENT_COLOR_NAME = AccentColor;
				CODE_SIGN_STYLE = Automatic;
				CURRENT_PROJECT_VERSION = 1;
				DEVELOPMENT_TEAM = SC63T9624N;
				GENERATE_INFOPLIST_FILE = YES;
				INFOPLIST_FILE = toDoList/Info.plist;
				INFOPLIST_KEY_UIApplicationSupportsIndirectInputEvents = YES;
				INFOPLIST_KEY_UILaunchStoryboardName = LaunchScreen;
				INFOPLIST_KEY_UIMainStoryboardFile = Main;
				INFOPLIST_KEY_UISupportedInterfaceOrientations_iPad = "UIInterfaceOrientationPortrait UIInterfaceOrientationPortraitUpsideDown UIInterfaceOrientationLandscapeLeft UIInterfaceOrientationLandscapeRight";
				INFOPLIST_KEY_UISupportedInterfaceOrientations_iPhone = "UIInterfaceOrientationPortrait UIInterfaceOrientationLandscapeLeft UIInterfaceOrientationLandscapeRight";
				LD_RUNPATH_SEARCH_PATHS = (
					"$(inherited)",
					"@executable_path/Frameworks",
				);
				MARKETING_VERSION = 1.0;
				PRODUCT_BUNDLE_IDENTIFIER = AlexKazemirov.toDoList;
				PRODUCT_NAME = "$(TARGET_NAME)";
				SWIFT_EMIT_LOC_STRINGS = YES;
				SWIFT_VERSION = 5.0;
				TARGETED_DEVICE_FAMILY = "1,2";
			};
			name = Debug;
		};
		3098F98F280DFC2000A53C24 /* Release */ = {
			isa = XCBuildConfiguration;
			buildSettings = {
				ASSETCATALOG_COMPILER_APPICON_NAME = AppIcon;
				ASSETCATALOG_COMPILER_GLOBAL_ACCENT_COLOR_NAME = AccentColor;
				CODE_SIGN_STYLE = Automatic;
				CURRENT_PROJECT_VERSION = 1;
				DEVELOPMENT_TEAM = SC63T9624N;
				GENERATE_INFOPLIST_FILE = YES;
				INFOPLIST_FILE = toDoList/Info.plist;
				INFOPLIST_KEY_UIApplicationSupportsIndirectInputEvents = YES;
				INFOPLIST_KEY_UILaunchStoryboardName = LaunchScreen;
				INFOPLIST_KEY_UIMainStoryboardFile = Main;
				INFOPLIST_KEY_UISupportedInterfaceOrientations_iPad = "UIInterfaceOrientationPortrait UIInterfaceOrientationPortraitUpsideDown UIInterfaceOrientationLandscapeLeft UIInterfaceOrientationLandscapeRight";
				INFOPLIST_KEY_UISupportedInterfaceOrientations_iPhone = "UIInterfaceOrientationPortrait UIInterfaceOrientationLandscapeLeft UIInterfaceOrientationLandscapeRight";
				LD_RUNPATH_SEARCH_PATHS = (
					"$(inherited)",
					"@executable_path/Frameworks",
				);
				MARKETING_VERSION = 1.0;
				PRODUCT_BUNDLE_IDENTIFIER = AlexKazemirov.toDoList;
				PRODUCT_NAME = "$(TARGET_NAME)";
				SWIFT_EMIT_LOC_STRINGS = YES;
				SWIFT_VERSION = 5.0;
				TARGETED_DEVICE_FAMILY = "1,2";
			};
			name = Release;
		};
/* End XCBuildConfiguration section */

/* Begin XCConfigurationList section */
		3098F971280DFC1F00A53C24 /* Build configuration list for PBXProject "toDoList" */ = {
			isa = XCConfigurationList;
			buildConfigurations = (
				3098F98B280DFC2000A53C24 /* Debug */,
				3098F98C280DFC2000A53C24 /* Release */,
			);
			defaultConfigurationIsVisible = 0;
			defaultConfigurationName = Release;
		};
		3098F98D280DFC2000A53C24 /* Build configuration list for PBXNativeTarget "toDoList" */ = {
			isa = XCConfigurationList;
			buildConfigurations = (
				3098F98E280DFC2000A53C24 /* Debug */,
				3098F98F280DFC2000A53C24 /* Release */,
			);
			defaultConfigurationIsVisible = 0;
			defaultConfigurationName = Release;
		};
/* End XCConfigurationList section */

/* Begin XCVersionGroup section */
		3098F982280DFC1F00A53C24 /* toDoList.xcdatamodeld */ = {
			isa = XCVersionGroup;
			children = (
				3098F983280DFC1F00A53C24 /* toDoList.xcdatamodel */,
			);
			currentVersion = 3098F983280DFC1F00A53C24 /* toDoList.xcdatamodel */;
			path = toDoList.xcdatamodeld;
			sourceTree = "<group>";
			versionGroupType = wrapper.xcdatamodel;
		};
/* End XCVersionGroup section */
	};
	rootObject = 3098F96E280DFC1F00A53C24 /* Project object */;
}
